version = 1
revision = 2
requires-python = "==3.9.*"
resolution-markers = [
    "platform_machine == 'aarch64' and sys_platform == 'linux'",
    "platform_machine != 'aarch64' and sys_platform == 'linux'",
]
supported-markers = [
    "sys_platform == 'linux'",
]

[[package]]
name = "basenet"
version = "0.1.0"
source = { registry = "https://pypi.org/simple" }
sdist = { url = "https://files.pythonhosted.org/packages/79/8b/9ea5bdcb83c5729312f0e81bc738aec8ee0c25a3f3d7c19ec6268aec02a1/basenet-0.1.0.tar.gz", hash = "sha256:b731f852d6d444897faca9bd86309d21d7b0bcf2a475138a2fa90be358c5e86f", size = 10020, upload-time = "2022-01-25T21:33:09.901Z" }

[[package]]
name = "beautifulsoup4"
version = "4.13.4"
source = { registry = "https://pypi.org/simple" }
dependencies = [
    { name = "soupsieve", marker = "sys_platform == 'linux'" },
    { name = "typing-extensions", marker = "sys_platform == 'linux'" },
]
sdist = { url = "https://files.pythonhosted.org/packages/d8/e4/0c4c39e18fd76d6a628d4dd8da40543d136ce2d1752bd6eeeab0791f4d6b/beautifulsoup4-4.13.4.tar.gz", hash = "sha256:dbb3c4e1ceae6aefebdaf2423247260cd062430a410e38c66f2baa50a8437195", size = 621067, upload-time = "2025-04-15T17:05:13.836Z" }
wheels = [
    { url = "https://files.pythonhosted.org/packages/50/cd/30110dc0ffcf3b131156077b90e9f60ed75711223f306da4db08eff8403b/beautifulsoup4-4.13.4-py3-none-any.whl", hash = "sha256:9bbbb14bfde9d79f38b8cd5f8c7c85f4b8f2523190ebed90e950a8dea4cb1c4b", size = 187285, upload-time = "2025-04-15T17:05:12.221Z" },
]

[[package]]
name = "certifi"
version = "2025.7.14"
source = { registry = "https://pypi.org/simple" }
sdist = { url = "https://files.pythonhosted.org/packages/b3/76/52c535bcebe74590f296d6c77c86dabf761c41980e1347a2422e4aa2ae41/certifi-2025.7.14.tar.gz", hash = "sha256:8ea99dbdfaaf2ba2f9bac77b9249ef62ec5218e7c2b2e903378ed5fccf765995", size = 163981, upload-time = "2025-07-14T03:29:28.449Z" }
wheels = [
    { url = "https://files.pythonhosted.org/packages/4f/52/34c6cf5bb9285074dc3531c437b3919e825d976fde097a7a73f79e726d03/certifi-2025.7.14-py3-none-any.whl", hash = "sha256:6b31f564a415d79ee77df69d757bb49a5bb53bd9f756cbbe24394ffd6fc1f4b2", size = 162722, upload-time = "2025-07-14T03:29:26.863Z" },
]

[[package]]
name = "charset-normalizer"
version = "3.4.2"
source = { registry = "https://pypi.org/simple" }
sdist = { url = "https://files.pythonhosted.org/packages/e4/33/89c2ced2b67d1c2a61c19c6751aa8902d46ce3dacb23600a283619f5a12d/charset_normalizer-3.4.2.tar.gz", hash = "sha256:5baececa9ecba31eff645232d59845c07aa030f0c81ee70184a90d35099a0e63", size = 126367, upload-time = "2025-05-02T08:34:42.01Z" }
wheels = [
    { url = "https://files.pythonhosted.org/packages/32/fb/74e26ee556a9dbfe3bd264289b67be1e6d616329403036f6507bb9f3f29c/charset_normalizer-3.4.2-cp39-cp39-manylinux_2_17_aarch64.manylinux2014_aarch64.whl", hash = "sha256:e92fca20c46e9f5e1bb485887d074918b13543b1c2a1185e69bb8d17ab6236a7", size = 144744, upload-time = "2025-05-02T08:34:14.665Z" },
    { url = "https://files.pythonhosted.org/packages/ad/06/8499ee5aa7addc6f6d72e068691826ff093329fe59891e83b092ae4c851c/charset_normalizer-3.4.2-cp39-cp39-manylinux_2_17_ppc64le.manylinux2014_ppc64le.whl", hash = "sha256:50bf98d5e563b83cc29471fa114366e6806bc06bc7a25fd59641e41445327836", size = 154993, upload-time = "2025-05-02T08:34:17.134Z" },
    { url = "https://files.pythonhosted.org/packages/f1/a2/5e4c187680728219254ef107a6949c60ee0e9a916a5dadb148c7ae82459c/charset_normalizer-3.4.2-cp39-cp39-manylinux_2_17_s390x.manylinux2014_s390x.whl", hash = "sha256:721c76e84fe669be19c5791da68232ca2e05ba5185575086e384352e2c309597", size = 147382, upload-time = "2025-05-02T08:34:19.081Z" },
    { url = "https://files.pythonhosted.org/packages/4c/fe/56aca740dda674f0cc1ba1418c4d84534be51f639b5f98f538b332dc9a95/charset_normalizer-3.4.2-cp39-cp39-manylinux_2_17_x86_64.manylinux2014_x86_64.whl", hash = "sha256:82d8fd25b7f4675d0c47cf95b594d4e7b158aca33b76aa63d07186e13c0e0ab7", size = 149536, upload-time = "2025-05-02T08:34:21.073Z" },
    { url = "https://files.pythonhosted.org/packages/53/13/db2e7779f892386b589173dd689c1b1e304621c5792046edd8a978cbf9e0/charset_normalizer-3.4.2-cp39-cp39-manylinux_2_5_i686.manylinux1_i686.manylinux_2_17_i686.manylinux2014_i686.whl", hash = "sha256:b3daeac64d5b371dea99714f08ffc2c208522ec6b06fbc7866a450dd446f5c0f", size = 151349, upload-time = "2025-05-02T08:34:23.193Z" },
    { url = "https://files.pythonhosted.org/packages/69/35/e52ab9a276186f729bce7a0638585d2982f50402046e4b0faa5d2c3ef2da/charset_normalizer-3.4.2-cp39-cp39-musllinux_1_2_aarch64.whl", hash = "sha256:dccab8d5fa1ef9bfba0590ecf4d46df048d18ffe3eec01eeb73a42e0d9e7a8ba", size = 146365, upload-time = "2025-05-02T08:34:25.187Z" },
    { url = "https://files.pythonhosted.org/packages/a6/d8/af7333f732fc2e7635867d56cb7c349c28c7094910c72267586947561b4b/charset_normalizer-3.4.2-cp39-cp39-musllinux_1_2_i686.whl", hash = "sha256:aaf27faa992bfee0264dc1f03f4c75e9fcdda66a519db6b957a3f826e285cf12", size = 154499, upload-time = "2025-05-02T08:34:27.359Z" },
    { url = "https://files.pythonhosted.org/packages/7a/3d/a5b2e48acef264d71e036ff30bcc49e51bde80219bb628ba3e00cf59baac/charset_normalizer-3.4.2-cp39-cp39-musllinux_1_2_ppc64le.whl", hash = "sha256:eb30abc20df9ab0814b5a2524f23d75dcf83cde762c161917a2b4b7b55b1e518", size = 157735, upload-time = "2025-05-02T08:34:29.798Z" },
    { url = "https://files.pythonhosted.org/packages/85/d8/23e2c112532a29f3eef374375a8684a4f3b8e784f62b01da931186f43494/charset_normalizer-3.4.2-cp39-cp39-musllinux_1_2_s390x.whl", hash = "sha256:c72fbbe68c6f32f251bdc08b8611c7b3060612236e960ef848e0a517ddbe76c5", size = 154786, upload-time = "2025-05-02T08:34:31.858Z" },
    { url = "https://files.pythonhosted.org/packages/c7/57/93e0169f08ecc20fe82d12254a200dfaceddc1c12a4077bf454ecc597e33/charset_normalizer-3.4.2-cp39-cp39-musllinux_1_2_x86_64.whl", hash = "sha256:982bb1e8b4ffda883b3d0a521e23abcd6fd17418f6d2c4118d257a10199c0ce3", size = 150203, upload-time = "2025-05-02T08:34:33.88Z" },
    { url = "https://files.pythonhosted.org/packages/20/94/c5790835a017658cbfabd07f3bfb549140c3ac458cfc196323996b10095a/charset_normalizer-3.4.2-py3-none-any.whl", hash = "sha256:7f56930ab0abd1c45cd15be65cc741c28b1c9a34876ce8c17a2fa107810c0af0", size = 52626, upload-time = "2025-05-02T08:34:40.053Z" },
]

[[package]]
name = "craft-text-detector"
version = "0.4.3"
source = { editable = "." }
dependencies = [
    { name = "basenet", marker = "sys_platform == 'linux'" },
    { name = "gdown", marker = "sys_platform == 'linux'" },
    { name = "numpy", marker = "sys_platform == 'linux'" },
    { name = "onnx", marker = "sys_platform == 'linux'" },
    { name = "opencv-python-headless", marker = "sys_platform == 'linux'" },
    { name = "torch", marker = "sys_platform == 'linux'" },
    { name = "torchvision", marker = "sys_platform == 'linux'" },
]

[package.metadata]
requires-dist = [
    { name = "basenet", specifier = ">=0.1.0" },
    { name = "gdown", specifier = ">=5.2.0" },
    { name = "numpy", specifier = "<2.0.0" },
    { name = "onnx", specifier = ">=1.18.0" },
    { name = "opencv-python-headless", specifier = ">=4.11.0.86" },
    { name = "torch", specifier = ">=1.12.0" },
    { name = "torchvision", specifier = "==0.13.0" },
]

[[package]]
name = "filelock"
version = "3.18.0"
source = { registry = "https://pypi.org/simple" }
sdist = { url = "https://files.pythonhosted.org/packages/0a/10/c23352565a6544bdc5353e0b15fc1c563352101f30e24bf500207a54df9a/filelock-3.18.0.tar.gz", hash = "sha256:adbc88eabb99d2fec8c9c1b229b171f18afa655400173ddc653d5d01501fb9f2", size = 18075, upload-time = "2025-03-14T07:11:40.47Z" }
wheels = [
    { url = "https://files.pythonhosted.org/packages/4d/36/2a115987e2d8c300a974597416d9de88f2444426de9571f4b59b2cca3acc/filelock-3.18.0-py3-none-any.whl", hash = "sha256:c401f4f8377c4464e6db25fff06205fd89bdd83b65eb0488ed1b160f780e21de", size = 16215, upload-time = "2025-03-14T07:11:39.145Z" },
]

[[package]]
name = "gdown"
version = "5.2.0"
source = { registry = "https://pypi.org/simple" }
dependencies = [
    { name = "beautifulsoup4", marker = "sys_platform == 'linux'" },
    { name = "filelock", marker = "sys_platform == 'linux'" },
    { name = "requests", extra = ["socks"], marker = "sys_platform == 'linux'" },
    { name = "tqdm", marker = "sys_platform == 'linux'" },
]
sdist = { url = "https://files.pythonhosted.org/packages/09/6a/37e6b70c5bda3161e40265861e63b64a86bfc6ca6a8f1c35328a675c84fd/gdown-5.2.0.tar.gz", hash = "sha256:2145165062d85520a3cd98b356c9ed522c5e7984d408535409fd46f94defc787", size = 284647, upload-time = "2024-05-12T06:45:12.725Z" }
wheels = [
    { url = "https://files.pythonhosted.org/packages/54/70/e07c381e6488a77094f04c85c9caf1c8008cdc30778f7019bc52e5285ef0/gdown-5.2.0-py3-none-any.whl", hash = "sha256:33083832d82b1101bdd0e9df3edd0fbc0e1c5f14c9d8c38d2a35bf1683b526d6", size = 18235, upload-time = "2024-05-12T06:45:10.017Z" },
]

[[package]]
name = "idna"
version = "3.10"
source = { registry = "https://pypi.org/simple" }
sdist = { url = "https://files.pythonhosted.org/packages/f1/70/7703c29685631f5a7590aa73f1f1d3fa9a380e654b86af429e0934a32f7d/idna-3.10.tar.gz", hash = "sha256:12f65c9b470abda6dc35cf8e63cc574b1c52b11df2c86030af0ac09b01b13ea9", size = 190490, upload-time = "2024-09-15T18:07:39.745Z" }
wheels = [
    { url = "https://files.pythonhosted.org/packages/76/c6/c88e154df9c4e1a2a66ccf0005a88dfb2650c1dffb6f5ce603dfbd452ce3/idna-3.10-py3-none-any.whl", hash = "sha256:946d195a0d259cbba61165e88e65941f16e9b36ea6ddb97f00452bae8b1287d3", size = 70442, upload-time = "2024-09-15T18:07:37.964Z" },
]

[[package]]
name = "numpy"
version = "1.26.4"
source = { registry = "https://pypi.org/simple" }
sdist = { url = "https://files.pythonhosted.org/packages/65/6e/09db70a523a96d25e115e71cc56a6f9031e7b8cd166c1ac8438307c14058/numpy-1.26.4.tar.gz", hash = "sha256:2a02aba9ed12e4ac4eb3ea9421c420301a0c6460d9830d74a9df87efa4912010", size = 15786129, upload-time = "2024-02-06T00:26:44.495Z" }
wheels = [
    { url = "https://files.pythonhosted.org/packages/6d/64/c3bcdf822269421d85fe0d64ba972003f9bb4aa9a419da64b86856c9961f/numpy-1.26.4-cp39-cp39-manylinux_2_17_aarch64.manylinux2014_aarch64.whl", hash = "sha256:d5241e0a80d808d70546c697135da2c613f30e28251ff8307eb72ba696945764", size = 14226281, upload-time = "2024-02-05T23:59:59.372Z" },
    { url = "https://files.pythonhosted.org/packages/54/30/c2a907b9443cf42b90c17ad10c1e8fa801975f01cb9764f3f8eb8aea638b/numpy-1.26.4-cp39-cp39-manylinux_2_17_x86_64.manylinux2014_x86_64.whl", hash = "sha256:f870204a840a60da0b12273ef34f7051e98c3b5961b61b0c2c1be6dfd64fbcd3", size = 18249516, upload-time = "2024-02-06T00:00:32.79Z" },
    { url = "https://files.pythonhosted.org/packages/43/12/01a563fc44c07095996d0129b8899daf89e4742146f7044cdbdb3101c57f/numpy-1.26.4-cp39-cp39-musllinux_1_1_aarch64.whl", hash = "sha256:679b0076f67ecc0138fd2ede3a8fd196dddc2ad3254069bcb9faf9a79b1cebcd", size = 13882132, upload-time = "2024-02-06T00:00:58.197Z" },
    { url = "https://files.pythonhosted.org/packages/16/ee/9df80b06680aaa23fc6c31211387e0db349e0e36d6a63ba3bd78c5acdf11/numpy-1.26.4-cp39-cp39-musllinux_1_1_x86_64.whl", hash = "sha256:47711010ad8555514b434df65f7d7b076bb8261df1ca9bb78f53d3b2db02e95c", size = 18084181, upload-time = "2024-02-06T00:01:31.21Z" },
    { url = "https://files.pythonhosted.org/packages/8e/02/570545bac308b58ffb21adda0f4e220ba716fb658a63c151daecc3293350/numpy-1.26.4-pp39-pypy39_pp73-manylinux_2_17_x86_64.manylinux2014_x86_64.whl", hash = "sha256:95a7476c59002f2f6c590b9b7b998306fba6a5aa646b1e22ddfeaf8f78c3a29c", size = 18061071, upload-time = "2024-02-06T00:03:41.5Z" },
]

[[package]]
name = "onnx"
version = "1.18.0"
source = { registry = "https://pypi.org/simple" }
dependencies = [
    { name = "numpy", marker = "sys_platform == 'linux'" },
    { name = "protobuf", marker = "sys_platform == 'linux'" },
    { name = "typing-extensions", marker = "sys_platform == 'linux'" },
]
sdist = { url = "https://files.pythonhosted.org/packages/3d/60/e56e8ec44ed34006e6d4a73c92a04d9eea6163cc12440e35045aec069175/onnx-1.18.0.tar.gz", hash = "sha256:3d8dbf9e996629131ba3aa1afd1d8239b660d1f830c6688dd7e03157cccd6b9c", size = 12563009, upload-time = "2025-05-12T22:03:09.626Z" }
wheels = [
    { url = "https://files.pythonhosted.org/packages/06/7a/7eca4c27fa96fad2ec76fddc65a69d56c7d898134dddd82fa3331242f927/onnx-1.18.0-cp39-cp39-manylinux_2_17_aarch64.manylinux2014_aarch64.whl", hash = "sha256:dc22abacfb0d3cd024d6ab784cb5eb5aca9c966a791e8e13b1a4ecb93ddb47d3", size = 17423027, upload-time = "2025-05-12T22:01:35.54Z" },
    { url = "https://files.pythonhosted.org/packages/9d/05/545c0b2c67421cac9573301e6a3e3d0ddf7c7bc4d1ae09781285cc996f16/onnx-1.18.0-cp39-cp39-manylinux_2_17_x86_64.manylinux2014_x86_64.whl", hash = "sha256:7839bf2adb494e46ccf375a7936b5d9e241b63e1a84254f3eb2e2e184e3292c8", size = 17584166, upload-time = "2025-05-12T22:01:39.096Z" },
]

[[package]]
name = "opencv-python-headless"
version = "4.11.0.86"
source = { registry = "https://pypi.org/simple" }
dependencies = [
    { name = "numpy", marker = "sys_platform == 'linux'" },
]
sdist = { url = "https://files.pythonhosted.org/packages/36/2f/5b2b3ba52c864848885ba988f24b7f105052f68da9ab0e693cc7c25b0b30/opencv-python-headless-4.11.0.86.tar.gz", hash = "sha256:996eb282ca4b43ec6a3972414de0e2331f5d9cda2b41091a49739c19fb843798", size = 95177929, upload-time = "2025-01-16T13:53:40.22Z" }
wheels = [
    { url = "https://files.pythonhosted.org/packages/45/be/1438ce43ebe65317344a87e4b150865c5585f4c0db880a34cdae5ac46881/opencv_python_headless-4.11.0.86-cp37-abi3-manylinux_2_17_aarch64.manylinux2014_aarch64.whl", hash = "sha256:6efabcaa9df731f29e5ea9051776715b1bdd1845d7c9530065c7951d2a2899eb", size = 29487060, upload-time = "2025-01-16T13:51:59.625Z" },
    { url = "https://files.pythonhosted.org/packages/dd/5c/c139a7876099916879609372bfa513b7f1257f7f1a908b0bdc1c2328241b/opencv_python_headless-4.11.0.86-cp37-abi3-manylinux_2_17_x86_64.manylinux2014_x86_64.whl", hash = "sha256:0e0a27c19dd1f40ddff94976cfe43066fbbe9dfbb2ec1907d66c19caef42a57b", size = 49969856, upload-time = "2025-01-16T13:53:29.654Z" },
]

[[package]]
name = "pillow"
version = "11.3.0"
source = { registry = "https://pypi.org/simple" }
sdist = { url = "https://files.pythonhosted.org/packages/f3/0d/d0d6dea55cd152ce3d6767bb38a8fc10e33796ba4ba210cbab9354b6d238/pillow-11.3.0.tar.gz", hash = "sha256:3828ee7586cd0b2091b6209e5ad53e20d0649bbe87164a459d0676e035e8f523", size = 47113069, upload-time = "2025-07-01T09:16:30.666Z" }
wheels = [
    { url = "https://files.pythonhosted.org/packages/43/46/0b85b763eb292b691030795f9f6bb6fcaf8948c39413c81696a01c3577f7/pillow-11.3.0-cp39-cp39-manylinux2014_aarch64.manylinux_2_17_aarch64.whl", hash = "sha256:23cff760a9049c502721bdb743a7cb3e03365fafcdfc2ef9784610714166e5a4", size = 5853376, upload-time = "2025-07-03T13:11:01.066Z" },
    { url = "https://files.pythonhosted.org/packages/5e/c6/1a230ec0067243cbd60bc2dad5dc3ab46a8a41e21c15f5c9b52b26873069/pillow-11.3.0-cp39-cp39-manylinux2014_x86_64.manylinux_2_17_x86_64.whl", hash = "sha256:6359a3bc43f57d5b375d1ad54a0074318a0844d11b76abccf478c37c986d3cfc", size = 7626020, upload-time = "2025-07-03T13:11:06.479Z" },
    { url = "https://files.pythonhosted.org/packages/63/dd/f296c27ffba447bfad76c6a0c44c1ea97a90cb9472b9304c94a732e8dbfb/pillow-11.3.0-cp39-cp39-manylinux_2_27_aarch64.manylinux_2_28_aarch64.whl", hash = "sha256:092c80c76635f5ecb10f3f83d76716165c96f5229addbd1ec2bdbbda7d496e06", size = 5956732, upload-time = "2025-07-01T09:15:56.111Z" },
    { url = "https://files.pythonhosted.org/packages/a5/a0/98a3630f0b57f77bae67716562513d3032ae70414fcaf02750279c389a9e/pillow-11.3.0-cp39-cp39-manylinux_2_27_x86_64.manylinux_2_28_x86_64.whl", hash = "sha256:cadc9e0ea0a2431124cde7e1697106471fc4c1da01530e679b2391c37d3fbb3a", size = 6624404, upload-time = "2025-07-01T09:15:58.245Z" },
    { url = "https://files.pythonhosted.org/packages/de/e6/83dfba5646a290edd9a21964da07674409e410579c341fc5b8f7abd81620/pillow-11.3.0-cp39-cp39-musllinux_1_2_aarch64.whl", hash = "sha256:6a418691000f2a418c9135a7cf0d797c1bb7d9a485e61fe8e7722845b95ef978", size = 6067760, upload-time = "2025-07-01T09:16:00.003Z" },
    { url = "https://files.pythonhosted.org/packages/bc/41/15ab268fe6ee9a2bc7391e2bbb20a98d3974304ab1a406a992dcb297a370/pillow-11.3.0-cp39-cp39-musllinux_1_2_x86_64.whl", hash = "sha256:97afb3a00b65cc0804d1c7abddbf090a81eaac02768af58cbdcaaa0a931e0b6d", size = 6700534, upload-time = "2025-07-01T09:16:02.29Z" },
]

[[package]]
name = "protobuf"
version = "6.31.1"
source = { registry = "https://pypi.org/simple" }
sdist = { url = "https://files.pythonhosted.org/packages/52/f3/b9655a711b32c19720253f6f06326faf90580834e2e83f840472d752bc8b/protobuf-6.31.1.tar.gz", hash = "sha256:d8cac4c982f0b957a4dc73a80e2ea24fab08e679c0de9deb835f4a12d69aca9a", size = 441797, upload-time = "2025-05-28T19:25:54.947Z" }
wheels = [
    { url = "https://files.pythonhosted.org/packages/76/a1/7a5a94032c83375e4fe7e7f56e3976ea6ac90c5e85fac8576409e25c39c3/protobuf-6.31.1-cp39-abi3-manylinux2014_aarch64.whl", hash = "sha256:a40fc12b84c154884d7d4c4ebd675d5b3b5283e155f324049ae396b95ddebc39", size = 322115, upload-time = "2025-05-28T19:25:47.128Z" },
    { url = "https://files.pythonhosted.org/packages/fa/b1/b59d405d64d31999244643d88c45c8241c58f17cc887e73bcb90602327f8/protobuf-6.31.1-cp39-abi3-manylinux2014_x86_64.whl", hash = "sha256:4ee898bf66f7a8b0bd21bce523814e6fbd8c6add948045ce958b73af7e8878c6", size = 321070, upload-time = "2025-05-28T19:25:50.036Z" },
    { url = "https://files.pythonhosted.org/packages/f7/af/ab3c51ab7507a7325e98ffe691d9495ee3d3aa5f589afad65ec920d39821/protobuf-6.31.1-py3-none-any.whl", hash = "sha256:720a6c7e6b77288b85063569baae8536671b39f15cc22037ec7045658d80489e", size = 168724, upload-time = "2025-05-28T19:25:53.926Z" },
]

[[package]]
name = "pysocks"
version = "1.7.1"
source = { registry = "https://pypi.org/simple" }
sdist = { url = "https://files.pythonhosted.org/packages/bd/11/293dd436aea955d45fc4e8a35b6ae7270f5b8e00b53cf6c024c83b657a11/PySocks-1.7.1.tar.gz", hash = "sha256:3f8804571ebe159c380ac6de37643bb4685970655d3bba243530d6558b799aa0", size = 284429, upload-time = "2019-09-20T02:07:35.714Z" }
wheels = [
    { url = "https://files.pythonhosted.org/packages/8d/59/b4572118e098ac8e46e399a1dd0f2d85403ce8bbaad9ec79373ed6badaf9/PySocks-1.7.1-py3-none-any.whl", hash = "sha256:2725bd0a9925919b9b51739eea5f9e2bae91e83288108a9ad338b2e3a4435ee5", size = 16725, upload-time = "2019-09-20T02:06:22.938Z" },
]

[[package]]
name = "requests"
version = "2.32.4"
source = { registry = "https://pypi.org/simple" }
dependencies = [
    { name = "certifi", marker = "sys_platform == 'linux'" },
    { name = "charset-normalizer", marker = "sys_platform == 'linux'" },
    { name = "idna", marker = "sys_platform == 'linux'" },
    { name = "urllib3", marker = "sys_platform == 'linux'" },
]
sdist = { url = "https://files.pythonhosted.org/packages/e1/0a/929373653770d8a0d7ea76c37de6e41f11eb07559b103b1c02cafb3f7cf8/requests-2.32.4.tar.gz", hash = "sha256:27d0316682c8a29834d3264820024b62a36942083d52caf2f14c0591336d3422", size = 135258, upload-time = "2025-06-09T16:43:07.34Z" }
wheels = [
    { url = "https://files.pythonhosted.org/packages/7c/e4/56027c4a6b4ae70ca9de302488c5ca95ad4a39e190093d6c1a8ace08341b/requests-2.32.4-py3-none-any.whl", hash = "sha256:27babd3cda2a6d50b30443204ee89830707d396671944c998b5975b031ac2b2c", size = 64847, upload-time = "2025-06-09T16:43:05.728Z" },
]

[package.optional-dependencies]
socks = [
    { name = "pysocks", marker = "sys_platform == 'linux'" },
]

[[package]]
name = "soupsieve"
version = "2.7"
source = { registry = "https://pypi.org/simple" }
sdist = { url = "https://files.pythonhosted.org/packages/3f/f4/4a80cd6ef364b2e8b65b15816a843c0980f7a5a2b4dc701fc574952aa19f/soupsieve-2.7.tar.gz", hash = "sha256:ad282f9b6926286d2ead4750552c8a6142bc4c783fd66b0293547c8fe6ae126a", size = 103418, upload-time = "2025-04-20T18:50:08.518Z" }
wheels = [
    { url = "https://files.pythonhosted.org/packages/e7/9c/0e6afc12c269578be5c0c1c9f4b49a8d32770a080260c333ac04cc1c832d/soupsieve-2.7-py3-none-any.whl", hash = "sha256:6e60cc5c1ffaf1cebcc12e8188320b72071e922c2e897f737cadce79ad5d30c4", size = 36677, upload-time = "2025-04-20T18:50:07.196Z" },
]

[[package]]
name = "torch"
version = "1.12.0"
source = { registry = "https://pypi.org/simple" }
dependencies = [
    { name = "typing-extensions", marker = "sys_platform == 'linux'" },
]
wheels = [
    { url = "https://files.pythonhosted.org/packages/8f/27/addb0019d7aa3704576ca9c055f7566a3db31f95110e55b31173b87aec4a/torch-1.12.0-cp39-cp39-manylinux1_x86_64.whl", hash = "sha256:844f1db41173b53fe40c44b3e04fcca23a6ce00ac328b7099f2800e611766845", size = 776319494, upload-time = "2022-06-28T16:20:35.95Z" },
    { url = "https://files.pythonhosted.org/packages/a9/fc/b23d2805c9dad3f6a16d9caf125d28078fb6b5c2f7e6394c3381c116a8ca/torch-1.12.0-cp39-cp39-manylinux2014_aarch64.whl", hash = "sha256:63341f96840a223f277e498d2737b39da30d9f57c7a1ef88857b920096317739", size = 55698290, upload-time = "2022-06-28T16:26:16.177Z" },
]

[[package]]
name = "torchvision"
version = "0.13.0"
source = { registry = "https://pypi.org/simple" }
dependencies = [
    { name = "numpy", marker = "sys_platform == 'linux'" },
    { name = "pillow", marker = "sys_platform == 'linux'" },
    { name = "requests", marker = "sys_platform == 'linux'" },
    { name = "torch", marker = "sys_platform == 'linux'" },
    { name = "typing-extensions", marker = "sys_platform == 'linux'" },
]
wheels = [
    { url = "https://files.pythonhosted.org/packages/fc/4f/28a9936c24938b7eece031f2fffe13b6e44d4a0c12fac4250bd0681705cd/torchvision-0.13.0-cp39-cp39-manylinux1_x86_64.whl", hash = "sha256:0e28740bd5695076f7c449af650fc474d6566722d446461c2ceebf9c9599b37f", size = 19127099, upload-time = "2022-06-28T16:30:22.14Z" },
    { url = "https://files.pythonhosted.org/packages/37/31/a85ce4c9392a9ebe6b2b89b7600ea74114dad32720fab100a9d5f85c50d9/torchvision-0.13.0-cp39-cp39-manylinux2014_aarch64.whl", hash = "sha256:b620a43df4131ad09f5761c415a016a9ea95aaf8ec8c91d030fb59bad591094a", size = 701678, upload-time = "2022-06-28T16:30:50.452Z" },
]

[[package]]
name = "tqdm"
version = "4.67.1"
source = { registry = "https://pypi.org/simple" }
sdist = { url = "https://files.pythonhosted.org/packages/a8/4b/29b4ef32e036bb34e4ab51796dd745cdba7ed47ad142a9f4a1eb8e0c744d/tqdm-4.67.1.tar.gz", hash = "sha256:f8aef9c52c08c13a65f30ea34f4e5aac3fd1a34959879d7e59e63027286627f2", size = 169737, upload-time = "2024-11-24T20:12:22.481Z" }
wheels = [
    { url = "https://files.pythonhosted.org/packages/d0/30/dc54f88dd4a2b5dc8a0279bdd7270e735851848b762aeb1c1184ed1f6b14/tqdm-4.67.1-py3-none-any.whl", hash = "sha256:26445eca388f82e72884e0d580d5464cd801a3ea01e63e5601bdff9ba6a48de2", size = 78540, upload-time = "2024-11-24T20:12:19.698Z" },
]

[[package]]
name = "typing-extensions"
version = "4.14.1"
source = { registry = "https://pypi.org/simple" }
sdist = { url = "https://files.pythonhosted.org/packages/98/5a/da40306b885cc8c09109dc2e1abd358d5684b1425678151cdaed4731c822/typing_extensions-4.14.1.tar.gz", hash = "sha256:38b39f4aeeab64884ce9f74c94263ef78f3c22467c8724005483154c26648d36", size = 107673, upload-time = "2025-07-04T13:28:34.16Z" }
wheels = [
    { url = "https://files.pythonhosted.org/packages/b5/00/d631e67a838026495268c2f6884f3711a15a9a2a96cd244fdaea53b823fb/typing_extensions-4.14.1-py3-none-any.whl", hash = "sha256:d1e1e3b58374dc93031d6eda2420a48ea44a36c2b4766a4fdeb3710755731d76", size = 43906, upload-time = "2025-07-04T13:28:32.743Z" },
]

[[package]]
name = "urllib3"
version = "2.5.0"
source = { registry = "https://pypi.org/simple" }
sdist = { url = "https://files.pythonhosted.org/packages/15/22/9ee70a2574a4f4599c47dd506532914ce044817c7752a79b6a51286319bc/urllib3-2.5.0.tar.gz", hash = "sha256:3fc47733c7e419d4bc3f6b3dc2b4f890bb743906a30d56ba4a5bfa4bbff92760", size = 393185, upload-time = "2025-06-18T14:07:41.644Z" }
wheels = [
    { url = "https://files.pythonhosted.org/packages/a7/c2/fe1e52489ae3122415c51f387e221dd0773709bad6c6cdaa599e8a2c5185/urllib3-2.5.0-py3-none-any.whl", hash = "sha256:e6b01673c0fa6a13e374b50871808eb3bf7046c4b125b216f6bf1cc604cff0dc", size = 129795, upload-time = "2025-06-18T14:07:40.39Z" },
]
